# This file is @generated by PDM.
# It is not intended for manual editing.

[metadata]
groups = ["default", "dev"]
strategy = ["inherit_metadata"]
lock_version = "4.5.0"
content_hash = "sha256:e24474fa487e6f512b9c1f5a97aaabf58ed6164fb084f12e954ec59f1c4f8545"

[[metadata.targets]]
requires_python = ">=3.11"

[[package]]
name = "anyio"
version = "4.9.0"
requires_python = ">=3.9"
summary = "High level compatibility layer for multiple asynchronous event loop implementations"
groups = ["default"]
dependencies = [
    "exceptiongroup>=1.0.2; python_version < \"3.11\"",
    "idna>=2.8",
    "sniffio>=1.1",
    "typing-extensions>=4.5; python_version < \"3.13\"",
]
files = [
    {file = "anyio-4.9.0-py3-none-any.whl", hash = "sha256:9f76d541cad6e36af7beb62e978876f3b41e3e04f2c1fbf0884604c0a9c4d93c"},
    {file = "anyio-4.9.0.tar.gz", hash = "sha256:673c0c244e15788651a4ff38710fea9675823028a6f08a5eda409e0c9840a028"},
]

[[package]]
name = "asyncclick"
version = "8.1.8"
requires_python = ">=3.9"
summary = "Composable command line interface toolkit, "
groups = ["default"]
dependencies = [
    "anyio~=4.0",
    "colorama; platform_system == \"Windows\"",
]
files = [
    {file = "asyncclick-8.1.8-py3-none-any.whl", hash = "sha256:eb1ccb44bc767f8f0695d592c7806fdf5bd575605b4ee246ffd5fadbcfdbd7c6"},
    {file = "asyncclick-8.1.8.0-py3-none-any.whl", hash = "sha256:be146a2d8075d4fe372ff4e877f23c8b5af269d16705c1948123b9415f6fd678"},
    {file = "asyncclick-8.1.8.tar.gz", hash = "sha256:0f0eb0f280e04919d67cf71b9fcdfb4db2d9ff7203669c40284485c149578e4c"},
]

[[package]]
name = "cachetools"
version = "6.0.0"
requires_python = ">=3.9"
summary = "Extensible memoizing collections and decorators"
groups = ["dev"]
files = [
    {file = "cachetools-6.0.0-py3-none-any.whl", hash = "sha256:82e73ba88f7b30228b5507dce1a1f878498fc669d972aef2dde4f3a3c24f103e"},
    {file = "cachetools-6.0.0.tar.gz", hash = "sha256:f225782b84438f828328fc2ad74346522f27e5b1440f4e9fd18b20ebfd1aa2cf"},
]

[[package]]
name = "chardet"
version = "5.2.0"
requires_python = ">=3.7"
summary = "Universal encoding detector for Python 3"
groups = ["dev"]
files = [
    {file = "chardet-5.2.0-py3-none-any.whl", hash = "sha256:e1cf59446890a00105fe7b7912492ea04b6e6f06d4b742b2c788469e34c82970"},
    {file = "chardet-5.2.0.tar.gz", hash = "sha256:1b3b6ff479a8c414bc3fa2c0852995695c4a026dcd6d0633b2dd092ca39c1cf7"},
]

[[package]]
name = "colorama"
version = "0.4.6"
requires_python = "!=3.0.*,!=3.1.*,!=3.2.*,!=3.3.*,!=3.4.*,!=3.5.*,!=3.6.*,>=2.7"
summary = "Cross-platform colored terminal text."
groups = ["default", "dev"]
files = [
    {file = "colorama-0.4.6-py2.py3-none-any.whl", hash = "sha256:4f1d9991f5acc0ca119f9d443620b77f9d6b33703e51011c16baf57afb285fc6"},
    {file = "colorama-0.4.6.tar.gz", hash = "sha256:08695f5cb7ed6e0531a20572697297273c47b8cae5a63ffc6d6ed5c201be6e44"},
]

[[package]]
name = "distlib"
version = "0.3.9"
summary = "Distribution utilities"
groups = ["dev"]
files = [
    {file = "distlib-0.3.9-py2.py3-none-any.whl", hash = "sha256:47f8c22fd27c27e25a65601af709b38e4f0a45ea4fc2e710f65755fa8caaaf87"},
    {file = "distlib-0.3.9.tar.gz", hash = "sha256:a60f20dea646b8a33f3e7772f74dc0b2d0772d2837ee1342a00645c81edf9403"},
]

[[package]]
name = "filelock"
version = "3.18.0"
requires_python = ">=3.9"
summary = "A platform independent file lock."
groups = ["dev"]
files = [
    {file = "filelock-3.18.0-py3-none-any.whl", hash = "sha256:c401f4f8377c4464e6db25fff06205fd89bdd83b65eb0488ed1b160f780e21de"},
    {file = "filelock-3.18.0.tar.gz", hash = "sha256:adbc88eabb99d2fec8c9c1b229b171f18afa655400173ddc653d5d01501fb9f2"},
]

[[package]]
name = "idna"
version = "3.10"
requires_python = ">=3.6"
summary = "Internationalized Domain Names in Applications (IDNA)"
groups = ["default"]
files = [
    {file = "idna-3.10-py3-none-any.whl", hash = "sha256:946d195a0d259cbba61165e88e65941f16e9b36ea6ddb97f00452bae8b1287d3"},
    {file = "idna-3.10.tar.gz", hash = "sha256:12f65c9b470abda6dc35cf8e63cc574b1c52b11df2c86030af0ac09b01b13ea9"},
]

[[package]]
name = "iniconfig"
version = "2.1.0"
requires_python = ">=3.8"
summary = "brain-dead simple config-ini parsing"
groups = ["dev"]
files = [
    {file = "iniconfig-2.1.0-py3-none-any.whl", hash = "sha256:9deba5723312380e77435581c6bf4935c94cbfab9b1ed33ef8d238ea168eb760"},
    {file = "iniconfig-2.1.0.tar.gz", hash = "sha256:3abbd2e30b36733fee78f9c7f7308f2d0050e88f0087fd25c2645f63c773e1c7"},
]

[[package]]
name = "packaging"
version = "25.0"
requires_python = ">=3.8"
summary = "Core utilities for Python packages"
groups = ["dev"]
files = [
    {file = "packaging-25.0-py3-none-any.whl", hash = "sha256:29572ef2b1f17581046b3a2227d5c611fb25ec70ca1ba8554b24b0e69331a484"},
    {file = "packaging-25.0.tar.gz", hash = "sha256:d443872c98d677bf60f6a1f2f8c1cb748e8fe762d2bf9d3148b5599295b0fc4f"},
]

[[package]]
name = "platformdirs"
version = "4.3.8"
requires_python = ">=3.9"
summary = "A small Python package for determining appropriate platform-specific dirs, e.g. a `user data dir`."
groups = ["dev"]
files = [
    {file = "platformdirs-4.3.8-py3-none-any.whl", hash = "sha256:ff7059bb7eb1179e2685604f4aaf157cfd9535242bd23742eadc3c13542139b4"},
    {file = "platformdirs-4.3.8.tar.gz", hash = "sha256:3d512d96e16bcb959a814c9f348431070822a6496326a4be0911c40b5a74c2bc"},
]

[[package]]
name = "pluggy"
version = "1.6.0"
requires_python = ">=3.9"
summary = "plugin and hook calling mechanisms for python"
groups = ["dev"]
files = [
    {file = "pluggy-1.6.0-py3-none-any.whl", hash = "sha256:e920276dd6813095e9377c0bc5566d94c932c33b27a3e3945d8389c374dd4746"},
    {file = "pluggy-1.6.0.tar.gz", hash = "sha256:7dcc130b76258d33b90f61b658791dede3486c3e6bfb003ee5c9bfb396dd22f3"},
]

[[package]]
name = "pyenv-inspect"
version = "0.4.0"
requires_python = ">=3.8"
summary = "An auxiliary library for the virtualenv-pyenv and tox-pyenv-redux plugins"
groups = ["dev"]
files = [
    {file = "pyenv-inspect-0.4.0.tar.gz", hash = "sha256:ec429d1d81b67ab0b08a0408414722a79d24fd1845a5b264267e44e19d8d60f0"},
    {file = "pyenv_inspect-0.4.0-py3-none-any.whl", hash = "sha256:618683ae7d3e6db14778d58aa0fc6b3170180d944669b5d35a8aa4fb7db550d2"},
]

[[package]]
name = "pygments"
version = "2.19.1"
requires_python = ">=3.8"
summary = "Pygments is a syntax highlighting package written in Python."
groups = ["dev"]
files = [
    {file = "pygments-2.19.1-py3-none-any.whl", hash = "sha256:9ea1544ad55cecf4b8242fab6dd35a93bbce657034b0611ee383099054ab6d8c"},
    {file = "pygments-2.19.1.tar.gz", hash = "sha256:61c16d2a8576dc0649d9f39e089b5f02bcd27fba10d8fb4dcc28173f7a45151f"},
]

[[package]]
name = "pyproject-api"
version = "1.9.1"
requires_python = ">=3.9"
summary = "API to interact with the python pyproject.toml based projects"
groups = ["dev"]
dependencies = [
    "packaging>=25",
    "tomli>=2.2.1; python_version < \"3.11\"",
]
files = [
    {file = "pyproject_api-1.9.1-py3-none-any.whl", hash = "sha256:7d6238d92f8962773dd75b5f0c4a6a27cce092a14b623b811dba656f3b628948"},
    {file = "pyproject_api-1.9.1.tar.gz", hash = "sha256:43c9918f49daab37e302038fc1aed54a8c7a91a9fa935d00b9a485f37e0f5335"},
]

[[package]]
name = "pyslobs"
version = "2.0.5"
requires_python = ">=3.9"
summary = "Python wrapper to StreamLabs Desktop API"
groups = ["default"]
dependencies = [
    "websocket-client",
]
files = [
    {file = "pyslobs-2.0.5-py3-none-any.whl", hash = "sha256:b33d774dda484ffe48e63592a3cdf66c79f77d04947a6e8c8b6da58db13ab156"},
    {file = "pyslobs-2.0.5.tar.gz", hash = "sha256:53cb083cbe71e37f3604ad0e5ca9712b3f26a29824ce0d437fd66e3d7937fee6"},
]

[[package]]
name = "pytest"
version = "8.4.0"
requires_python = ">=3.9"
summary = "pytest: simple powerful testing with Python"
groups = ["dev"]
dependencies = [
    "colorama>=0.4; sys_platform == \"win32\"",
    "exceptiongroup>=1; python_version < \"3.11\"",
    "iniconfig>=1",
    "packaging>=20",
    "pluggy<2,>=1.5",
    "pygments>=2.7.2",
    "tomli>=1; python_version < \"3.11\"",
]
files = [
    {file = "pytest-8.4.0-py3-none-any.whl", hash = "sha256:f40f825768ad76c0977cbacdf1fd37c6f7a468e460ea6a0636078f8972d4517e"},
    {file = "pytest-8.4.0.tar.gz", hash = "sha256:14d920b48472ea0dbf68e45b96cd1ffda4705f33307dcc86c676c1b5104838a6"},
]

[[package]]
name = "pytest-randomly"
version = "3.16.0"
requires_python = ">=3.9"
summary = "Pytest plugin to randomly order tests and control random.seed."
groups = ["dev"]
dependencies = [
    "importlib-metadata>=3.6; python_version < \"3.10\"",
    "pytest",
]
files = [
    {file = "pytest_randomly-3.16.0-py3-none-any.whl", hash = "sha256:8633d332635a1a0983d3bba19342196807f6afb17c3eef78e02c2f85dade45d6"},
    {file = "pytest_randomly-3.16.0.tar.gz", hash = "sha256:11bf4d23a26484de7860d82f726c0629837cf4064b79157bd18ec9d41d7feb26"},
]

[[package]]
name = "sniffio"
version = "1.3.1"
requires_python = ">=3.7"
summary = "Sniff out which async library your code is running under"
groups = ["default"]
files = [
    {file = "sniffio-1.3.1-py3-none-any.whl", hash = "sha256:2f6da418d1f1e0fddd844478f41680e794e6051915791a034ff65e5f100525a2"},
    {file = "sniffio-1.3.1.tar.gz", hash = "sha256:f4324edc670a0f49750a81b895f35c3adb843cca46f0530f79fc1babb23789dc"},
]

[[package]]
name = "terminaltables3"
version = "4.0.0"
requires_python = ">=3.8"
summary = "Generate simple tables in terminals from a nested list of strings. Fork of terminaltables."
groups = ["default"]
files = [
    {file = "terminaltables3-4.0.0-py3-none-any.whl", hash = "sha256:93b4c722f35400a7869cd630e2bbab616b129d1c47c628765c7f47baab2ca270"},
    {file = "terminaltables3-4.0.0.tar.gz", hash = "sha256:4e3eefe209aa89005a0a34d1525739424569729ee29b5e64a8dd51c5ebdab77f"},
]

[[package]]
name = "tox"
version = "4.26.0"
requires_python = ">=3.9"
summary = "tox is a generic virtualenv management and test command line tool"
groups = ["dev"]
dependencies = [
    "cachetools>=5.5.1",
    "chardet>=5.2",
    "colorama>=0.4.6",
    "filelock>=3.16.1",
    "packaging>=24.2",
    "platformdirs>=4.3.6",
    "pluggy>=1.5",
    "pyproject-api>=1.8",
    "tomli>=2.2.1; python_version < \"3.11\"",
    "typing-extensions>=4.12.2; python_version < \"3.11\"",
    "virtualenv>=20.31",
]
files = [
    {file = "tox-4.26.0-py3-none-any.whl", hash = "sha256:75f17aaf09face9b97bd41645028d9f722301e912be8b4c65a3f938024560224"},
    {file = "tox-4.26.0.tar.gz", hash = "sha256:a83b3b67b0159fa58e44e646505079e35a43317a62d2ae94725e0586266faeca"},
]

[[package]]
name = "tox-pdm"
version = "0.7.2"
requires_python = ">=3.7"
summary = "A plugin for tox that utilizes PDM as the package manager and installer"
groups = ["dev"]
dependencies = [
    "tomli; python_version < \"3.11\"",
    "tox>=4.0",
]
files = [
    {file = "tox_pdm-0.7.2-py3-none-any.whl", hash = "sha256:12f6215416b7acd00a80a9e7128f3dc3e3c89308d60707f5d0a24abdf83ac104"},
    {file = "tox_pdm-0.7.2.tar.gz", hash = "sha256:a841a7e1e942a71805624703b9a6d286663bd6af79bba6130ba756975c315308"},
]

[[package]]
name = "typing-extensions"
version = "4.14.0"
requires_python = ">=3.9"
summary = "Backported and Experimental Type Hints for Python 3.9+"
groups = ["default"]
marker = "python_version < \"3.13\""
files = [
    {file = "typing_extensions-4.14.0-py3-none-any.whl", hash = "sha256:a1514509136dd0b477638fc68d6a91497af5076466ad0fa6c338e44e359944af"},
    {file = "typing_extensions-4.14.0.tar.gz", hash = "sha256:8676b788e32f02ab42d9e7c61324048ae4c6d844a399eebace3d4979d75ceef4"},
]

[[package]]
name = "virtualenv"
version = "20.31.2"
requires_python = ">=3.8"
summary = "Virtual Python Environment builder"
groups = ["dev"]
dependencies = [
    "distlib<1,>=0.3.7",
    "filelock<4,>=3.12.2",
    "importlib-metadata>=6.6; python_version < \"3.8\"",
    "platformdirs<5,>=3.9.1",
]
files = [
    {file = "virtualenv-20.31.2-py3-none-any.whl", hash = "sha256:36efd0d9650ee985f0cad72065001e66d49a6f24eb44d98980f630686243cf11"},
    {file = "virtualenv-20.31.2.tar.gz", hash = "sha256:e10c0a9d02835e592521be48b332b6caee6887f332c111aa79a09b9e79efc2af"},
]

[[package]]
name = "virtualenv-pyenv"
version = "0.5.0"
requires_python = ">=3.8"
summary = "A virtualenv Python discovery plugin for pyenv-installed interpreters"
groups = ["dev"]
dependencies = [
    "pyenv-inspect<0.5,>=0.4",
    "virtualenv",
]
files = [
    {file = "virtualenv-pyenv-0.5.0.tar.gz", hash = "sha256:7b0e5fe3dfbdf484f4cf9b01e1f98111e398db6942237910f666356e6293597f"},
    {file = "virtualenv_pyenv-0.5.0-py3-none-any.whl", hash = "sha256:21750247e36c55b3c547cfdeb08f51a3867fe7129922991a4f9c96980c0a4a5d"},
]

[[package]]
name = "websocket-client"
version = "1.8.0"
requires_python = ">=3.8"
summary = "WebSocket client for Python with low level API options"
groups = ["default"]
files = [
    {file = "websocket_client-1.8.0-py3-none-any.whl", hash = "sha256:17b44cc997f5c498e809b22cdf2d9c7a9e71c02c8cc2b6c56e7c2d1239bfa526"},
    {file = "websocket_client-1.8.0.tar.gz", hash = "sha256:3239df9f44da632f96012472805d40a23281a991027ce11d2f45a6f24ac4c3da"},
]
